
Microsoft Visual Studio Solution File, Format Version 12.00
# Visual Studio 14
VisualStudioVersion = 14.0.25420.1
MinimumVisualStudioVersion = 10.0.40219.1
Project("{FAE04EC0-301F-11D3-BF4B-00C04F79EFBC}") = "nicold.bindings", "nicold.bindings\nicold.bindings.csproj", "{8D1AE350-9EC5-48AE-84AA-523E87DD6FCC}"
EndProject
Project("{FAE04EC0-301F-11D3-BF4B-00C04F79EFBC}") = "nicold.sports", "nicold.sports\nicold.sports.csproj", "{6049BC0E-1AA6-4785-971E-22361BF7479A}"
EndProject
Global
	GlobalSection(SolutionConfigurationPlatforms) = preSolution
		Debug|Any CPU = Debug|Any CPU
		Release|Any CPU = Release|Any CPU
	EndGlobalSection
	GlobalSection(ProjectConfigurationPlatforms) = postSolution
		{8D1AE350-9EC5-48AE-84AA-523E87DD6FCC}.Debug|Any CPU.ActiveCfg = Debug|Any CPU
		{8D1AE350-9EC5-48AE-84AA-523E87DD6FCC}.Debug|Any CPU.Build.0 = Debug|Any CPU
		{8D1AE350-9EC5-48AE-84AA-523E87DD6FCC}.Release|Any CPU.ActiveCfg = Release|Any CPU
		{8D1AE350-9EC5-48AE-84AA-523E87DD6FCC}.Release|Any CPU.Build.0 = Release|Any CPU
		{6049BC0E-1AA6-4785-971E-22361BF7479A}.Debug|Any CPU.ActiveCfg = Debug|Any CPU
		{6049BC0E-1AA6-4785-971E-22361BF7479A}.Debug|Any CPU.Build.0 = Debug|Any CPU
		{6049BC0E-1AA6-4785-971E-22361BF7479A}.Debug|Any CPU.Deploy.0 = Debug|Any CPU
		{6049BC0E-1AA6-4785-971E-22361BF7479A}.Release|Any CPU.ActiveCfg = Release|Any CPU
		{6049BC0E-1AA6-4785-971E-22361BF7479A}.Release|Any CPU.Build.0 = Release|Any CPU
		{6049BC0E-1AA6-4785-971E-22361BF7479A}.Release|Any CPU.Deploy.0 = Release|Any CPU
	EndGlobalSection
	GlobalSection(SolutionProperties) = preSolution
		HideSolutionNode = FALSE
	EndGlobalSection
EndGlobal
